
Microsoft Visual Studio Solution File, Format Version 12.00
# Visual Studio Version 17
VisualStudioVersion = 17.11.35312.102
MinimumVisualStudioVersion = 10.0.40219.1
Project("{FAE04EC0-301F-11D3-BF4B-00C04F79EFBC}") = "Week9ReadingFromFile", "Week9ReadingFromFile\Week9ReadingFromFile.csproj", "{D669FEFB-8C6C-4053-B2BF-7C5E4B65C263}"
EndProject
Global
	GlobalSection(SolutionConfigurationPlatforms) = preSolution
		Debug|Any CPU = Debug|Any CPU
		Release|Any CPU = Release|Any CPU
	EndGlobalSection
	GlobalSection(ProjectConfigurationPlatforms) = postSolution
		{D669FEFB-8C6C-4053-B2BF-7C5E4B65C263}.Debug|Any CPU.ActiveCfg = Debug|Any CPU
		{D669FEFB-8C6C-4053-B2BF-7C5E4B65C263}.Debug|Any CPU.Build.0 = Debug|Any CPU
		{D669FEFB-8C6C-4053-B2BF-7C5E4B65C263}.Release|Any CPU.ActiveCfg = Release|Any CPU
		{D669FEFB-8C6C-4053-B2BF-7C5E4B65C263}.Release|Any CPU.Build.0 = Release|Any CPU
	EndGlobalSection
	GlobalSection(SolutionProperties) = preSolution
		HideSolutionNode = FALSE
	EndGlobalSection
	GlobalSection(ExtensibilityGlobals) = postSolution
		SolutionGuid = {90931A9C-0D92-4F64-8939-A9BFFF06F08A}
	EndGlobalSection
EndGlobal
